
Microsoft Visual Studio Solution File, Format Version 12.00
# Visual Studio Version 16
VisualStudioVersion = 16.0.31702.278
MinimumVisualStudioVersion = 10.0.40219.1
Project("{9A19103F-16F7-4668-BE54-9A1E7A4F7556}") = "everest", "everest\everest.csproj", "{5E99B789-7CFC-46C3-8DFE-C7CCB28CF559}"
EndProject
Global
	GlobalSection(SolutionConfigurationPlatforms) = preSolution
		Debug|Any CPU = Debug|Any CPU
		Release|Any CPU = Release|Any CPU
	EndGlobalSection
	GlobalSection(ProjectConfigurationPlatforms) = postSolution
		{5E99B789-7CFC-46C3-8DFE-C7CCB28CF559}.Debug|Any CPU.ActiveCfg = Debug|Any CPU
		{5E99B789-7CFC-46C3-8DFE-C7CCB28CF559}.Debug|Any CPU.Build.0 = Debug|Any CPU
		{5E99B789-7CFC-46C3-8DFE-C7CCB28CF559}.Release|Any CPU.ActiveCfg = Release|Any CPU
		{5E99B789-7CFC-46C3-8DFE-C7CCB28CF559}.Release|Any CPU.Build.0 = Release|Any CPU
	EndGlobalSection
	GlobalSection(SolutionProperties) = preSolution
		HideSolutionNode = FALSE
	EndGlobalSection
	GlobalSection(ExtensibilityGlobals) = postSolution
		SolutionGuid = {D6E93163-F337-45C4-AD53-8C2F89DC9C7A}
	EndGlobalSection
EndGlobal
